
Microsoft Visual Studio Solution File, Format Version 12.00
# Visual Studio Version 17
VisualStudioVersion = 17.0.31903.59
MinimumVisualStudioVersion = 10.0.40219.1
Project("{FAE04EC0-301F-11D3-BF4B-00C04F79EFBC}") = "CodingChallenges", "src\CodingChallenges.csproj", "{1CBAE59F-5DD8-47BF-BEFD-A412200E1A8B}"
EndProject
Project("{FAE04EC0-301F-11D3-BF4B-00C04F79EFBC}") = "tests", "tests\tests.csproj", "{72B4961A-220A-4377-ABA3-93C07CAD026A}"
EndProject
Global
	GlobalSection(SolutionConfigurationPlatforms) = preSolution
		Debug|Any CPU = Debug|Any CPU
		Release|Any CPU = Release|Any CPU
	EndGlobalSection
	GlobalSection(SolutionProperties) = preSolution
		HideSolutionNode = FALSE
	EndGlobalSection
	GlobalSection(ProjectConfigurationPlatforms) = postSolution
		{1CBAE59F-5DD8-47BF-BEFD-A412200E1A8B}.Debug|Any CPU.ActiveCfg = Debug|Any CPU
		{1CBAE59F-5DD8-47BF-BEFD-A412200E1A8B}.Debug|Any CPU.Build.0 = Debug|Any CPU
		{1CBAE59F-5DD8-47BF-BEFD-A412200E1A8B}.Release|Any CPU.ActiveCfg = Release|Any CPU
		{1CBAE59F-5DD8-47BF-BEFD-A412200E1A8B}.Release|Any CPU.Build.0 = Release|Any CPU
		{72B4961A-220A-4377-ABA3-93C07CAD026A}.Debug|Any CPU.ActiveCfg = Debug|Any CPU
		{72B4961A-220A-4377-ABA3-93C07CAD026A}.Debug|Any CPU.Build.0 = Debug|Any CPU
		{72B4961A-220A-4377-ABA3-93C07CAD026A}.Release|Any CPU.ActiveCfg = Release|Any CPU
		{72B4961A-220A-4377-ABA3-93C07CAD026A}.Release|Any CPU.Build.0 = Release|Any CPU
	EndGlobalSection
EndGlobal
