
Microsoft Visual Studio Solution File, Format Version 12.00
# Visual Studio Version 17
VisualStudioVersion = 17.0.31903.59
MinimumVisualStudioVersion = 10.0.40219.1
Project("{FAE04EC0-301F-11D3-BF4B-00C04F79EFBC}") = "CodingChallenges", "src\CodingChallenges.csproj", "{1CBAE59F-5DD8-47BF-BEFD-A412200E1A8B}"
EndProject
Project("{FAE04EC0-301F-11D3-BF4B-00C04F79EFBC}") = "tests", "tests\tests.csproj", "{72B4961A-220A-4377-ABA3-93C07CAD026A}"
EndProject
Project("{2150E333-8FDC-42A3-9474-1A3956D46DE8}") = "ApisProblem", "ApisProblem", "{6D512424-10DE-404A-9804-59CDCE9AD3D2}"
EndProject
Project("{2150E333-8FDC-42A3-9474-1A3956D46DE8}") = "Middleware", "Middleware", "{28C8C914-7BDC-4AD8-84F3-2603990286D2}"
EndProject
Project("{FAE04EC0-301F-11D3-BF4B-00C04F79EFBC}") = "IPAddressRestriction", "ApisProblem\Middleware\IPAddressRestriction\IPAddressRestriction.csproj", "{B1DB6CF4-21B1-4984-8E8D-0CA5094212F4}"
EndProject
Project("{FAE04EC0-301F-11D3-BF4B-00C04F79EFBC}") = "RequestTimeoutRestriction", "ApisProblem\Middleware\RequestTimeoutRestriction\RequestTimeoutRestriction.csproj", "{DE3FC149-48E7-42C7-AB92-9EDA723EE53B}"
EndProject
Project("{FAE04EC0-301F-11D3-BF4B-00C04F79EFBC}") = "ExcelConverter", "ApisProblem\ExcelConverter\ExcelConverter.csproj", "{E4BB86EB-57CE-4205-B5DC-506D3211C2F6}"
EndProject
Project("{FAE04EC0-301F-11D3-BF4B-00C04F79EFBC}") = "GenerateQRCode", "ApisProblem\GenerateQRCode\GenerateQRCode.csproj", "{F3DB48A5-5D77-43A3-8316-571778BDDD21}"
EndProject
Project("{FAE04EC0-301F-11D3-BF4B-00C04F79EFBC}") = "CoffeeShopApi", "ApisProblem\CoffeeShopApi\CoffeeShopApi.csproj", "{15DA272C-FACD-4FD5-9095-8015B04F7FB1}"
EndProject
Global
	GlobalSection(SolutionConfigurationPlatforms) = preSolution
		Debug|Any CPU = Debug|Any CPU
		Release|Any CPU = Release|Any CPU
	EndGlobalSection
	GlobalSection(SolutionProperties) = preSolution
		HideSolutionNode = FALSE
	EndGlobalSection
	GlobalSection(ProjectConfigurationPlatforms) = postSolution
		{1CBAE59F-5DD8-47BF-BEFD-A412200E1A8B}.Debug|Any CPU.ActiveCfg = Debug|Any CPU
		{1CBAE59F-5DD8-47BF-BEFD-A412200E1A8B}.Debug|Any CPU.Build.0 = Debug|Any CPU
		{1CBAE59F-5DD8-47BF-BEFD-A412200E1A8B}.Release|Any CPU.ActiveCfg = Release|Any CPU
		{1CBAE59F-5DD8-47BF-BEFD-A412200E1A8B}.Release|Any CPU.Build.0 = Release|Any CPU
		{72B4961A-220A-4377-ABA3-93C07CAD026A}.Debug|Any CPU.ActiveCfg = Debug|Any CPU
		{72B4961A-220A-4377-ABA3-93C07CAD026A}.Debug|Any CPU.Build.0 = Debug|Any CPU
		{72B4961A-220A-4377-ABA3-93C07CAD026A}.Release|Any CPU.ActiveCfg = Release|Any CPU
		{72B4961A-220A-4377-ABA3-93C07CAD026A}.Release|Any CPU.Build.0 = Release|Any CPU
		{B1DB6CF4-21B1-4984-8E8D-0CA5094212F4}.Debug|Any CPU.ActiveCfg = Debug|Any CPU
		{B1DB6CF4-21B1-4984-8E8D-0CA5094212F4}.Debug|Any CPU.Build.0 = Debug|Any CPU
		{B1DB6CF4-21B1-4984-8E8D-0CA5094212F4}.Release|Any CPU.ActiveCfg = Release|Any CPU
		{B1DB6CF4-21B1-4984-8E8D-0CA5094212F4}.Release|Any CPU.Build.0 = Release|Any CPU
		{DE3FC149-48E7-42C7-AB92-9EDA723EE53B}.Debug|Any CPU.ActiveCfg = Debug|Any CPU
		{DE3FC149-48E7-42C7-AB92-9EDA723EE53B}.Debug|Any CPU.Build.0 = Debug|Any CPU
		{DE3FC149-48E7-42C7-AB92-9EDA723EE53B}.Release|Any CPU.ActiveCfg = Release|Any CPU
		{DE3FC149-48E7-42C7-AB92-9EDA723EE53B}.Release|Any CPU.Build.0 = Release|Any CPU
		{E4BB86EB-57CE-4205-B5DC-506D3211C2F6}.Debug|Any CPU.ActiveCfg = Debug|Any CPU
		{E4BB86EB-57CE-4205-B5DC-506D3211C2F6}.Debug|Any CPU.Build.0 = Debug|Any CPU
		{E4BB86EB-57CE-4205-B5DC-506D3211C2F6}.Release|Any CPU.ActiveCfg = Release|Any CPU
		{E4BB86EB-57CE-4205-B5DC-506D3211C2F6}.Release|Any CPU.Build.0 = Release|Any CPU
		{F3DB48A5-5D77-43A3-8316-571778BDDD21}.Debug|Any CPU.ActiveCfg = Debug|Any CPU
		{F3DB48A5-5D77-43A3-8316-571778BDDD21}.Debug|Any CPU.Build.0 = Debug|Any CPU
		{F3DB48A5-5D77-43A3-8316-571778BDDD21}.Release|Any CPU.ActiveCfg = Release|Any CPU
		{F3DB48A5-5D77-43A3-8316-571778BDDD21}.Release|Any CPU.Build.0 = Release|Any CPU
		{15DA272C-FACD-4FD5-9095-8015B04F7FB1}.Debug|Any CPU.ActiveCfg = Debug|Any CPU
		{15DA272C-FACD-4FD5-9095-8015B04F7FB1}.Debug|Any CPU.Build.0 = Debug|Any CPU
		{15DA272C-FACD-4FD5-9095-8015B04F7FB1}.Release|Any CPU.ActiveCfg = Release|Any CPU
		{15DA272C-FACD-4FD5-9095-8015B04F7FB1}.Release|Any CPU.Build.0 = Release|Any CPU
	EndGlobalSection
	GlobalSection(NestedProjects) = preSolution
		{28C8C914-7BDC-4AD8-84F3-2603990286D2} = {6D512424-10DE-404A-9804-59CDCE9AD3D2}
		{B1DB6CF4-21B1-4984-8E8D-0CA5094212F4} = {28C8C914-7BDC-4AD8-84F3-2603990286D2}
		{DE3FC149-48E7-42C7-AB92-9EDA723EE53B} = {28C8C914-7BDC-4AD8-84F3-2603990286D2}
		{E4BB86EB-57CE-4205-B5DC-506D3211C2F6} = {6D512424-10DE-404A-9804-59CDCE9AD3D2}
		{F3DB48A5-5D77-43A3-8316-571778BDDD21} = {6D512424-10DE-404A-9804-59CDCE9AD3D2}
		{15DA272C-FACD-4FD5-9095-8015B04F7FB1} = {6D512424-10DE-404A-9804-59CDCE9AD3D2}
	EndGlobalSection
EndGlobal
